// !$*UTF8*$!
{
	archiveVersion = 1;
	classes = {
	};
	objectVersion = 48;
	objects = {

/* Begin PBXBuildFile section */
		D41F8A081FB6DE6C00F924C4 /* AppDelegate.swift in Sources */ = {isa = PBXBuildFile; fileRef = D41F8A071FB6DE6C00F924C4 /* AppDelegate.swift */; };
		D41F8A0A1FB6DE6C00F924C4 /* ViewController.swift in Sources */ = {isa = PBXBuildFile; fileRef = D41F8A091FB6DE6C00F924C4 /* ViewController.swift */; };
		D41F8A0D1FB6DE6C00F924C4 /* Main.storyboard in Resources */ = {isa = PBXBuildFile; fileRef = D41F8A0B1FB6DE6C00F924C4 /* Main.storyboard */; };
		D41F8A0F1FB6DE6C00F924C4 /* Assets.xcassets in Resources */ = {isa = PBXBuildFile; fileRef = D41F8A0E1FB6DE6C00F924C4 /* Assets.xcassets */; };
		D41F8A121FB6DE6C00F924C4 /* LaunchScreen.storyboard in Resources */ = {isa = PBXBuildFile; fileRef = D41F8A101FB6DE6C00F924C4 /* LaunchScreen.storyboard */; };
		D41F8A1D1FB6DE6C00F924C4 /* NotificationNameTests.swift in Sources */ = {isa = PBXBuildFile; fileRef = D41F8A1C1FB6DE6C00F924C4 /* NotificationNameTests.swift */; };
/* End PBXBuildFile section */

/* Begin PBXContainerItemProxy section */
		D41F8A191FB6DE6C00F924C4 /* PBXContainerItemProxy */ = {
			isa = PBXContainerItemProxy;
			containerPortal = D41F89FC1FB6DE6C00F924C4 /* Project object */;
			proxyType = 1;
			remoteGlobalIDString = D41F8A031FB6DE6C00F924C4;
			remoteInfo = NotificationName;
		};
/* End PBXContainerItemProxy section */

/* Begin PBXFileReference section */
		D41F8A041FB6DE6C00F924C4 /* NotificationName.app */ = {isa = PBXFileReference; explicitFileType = wrapper.application; includeInIndex = 0; path = NotificationName.app; sourceTree = BUILT_PRODUCTS_DIR; };
		D41F8A071FB6DE6C00F924C4 /* AppDelegate.swift */ = {isa = PBXFileReference; lastKnownFileType = sourcecode.swift; path = AppDelegate.swift; sourceTree = "<group>"; };
		D41F8A091FB6DE6C00F924C4 /* ViewController.swift */ = {isa = PBXFileReference; lastKnownFileType = sourcecode.swift; path = ViewController.swift; sourceTree = "<group>"; };
		D41F8A0C1FB6DE6C00F924C4 /* Base */ = {isa = PBXFileReference; lastKnownFileType = file.storyboard; name = Base; path = Base.lproj/Main.storyboard; sourceTree = "<group>"; };
		D41F8A0E1FB6DE6C00F924C4 /* Assets.xcassets */ = {isa = PBXFileReference; lastKnownFileType = folder.assetcatalog; path = Assets.xcassets; sourceTree = "<group>"; };
		D41F8A111FB6DE6C00F924C4 /* Base */ = {isa = PBXFileReference; lastKnownFileType = file.storyboard; name = Base; path = Base.lproj/LaunchScreen.storyboard; sourceTree = "<group>"; };
		D41F8A131FB6DE6C00F924C4 /* Info.plist */ = {isa = PBXFileReference; lastKnownFileType = text.plist.xml; path = Info.plist; sourceTree = "<group>"; };
		D41F8A181FB6DE6C00F924C4 /* NotificationNameTests.xctest */ = {isa = PBXFileReference; explicitFileType = wrapper.cfbundle; includeInIndex = 0; path = NotificationNameTests.xctest; sourceTree = BUILT_PRODUCTS_DIR; };
		D41F8A1C1FB6DE6C00F924C4 /* NotificationNameTests.swift */ = {isa = PBXFileReference; lastKnownFileType = sourcecode.swift; path = NotificationNameTests.swift; sourceTree = "<group>"; };
		D41F8A1E1FB6DE6C00F924C4 /* Info.plist */ = {isa = PBXFileReference; lastKnownFileType = text.plist.xml; path = Info.plist; sourceTree = "<group>"; };
/* End PBXFileReference section */

/* Begin PBXFrameworksBuildPhase section */
		D41F8A011FB6DE6C00F924C4 /* Frameworks */ = {
			isa = PBXFrameworksBuildPhase;
			buildActionMask = 2147483647;
			files = (
			);
			runOnlyForDeploymentPostprocessing = 0;
		};
		D41F8A151FB6DE6C00F924C4 /* Frameworks */ = {
			isa = PBXFrameworksBuildPhase;
			buildActionMask = 2147483647;
			files = (
			);
			runOnlyForDeploymentPostprocessing = 0;
		};
/* End PBXFrameworksBuildPhase section */

/* Begin PBXGroup section */
		D41F89FB1FB6DE6C00F924C4 = {
			isa = PBXGroup;
			children = (
				D41F8A061FB6DE6C00F924C4 /* NotificationName */,
				D41F8A1B1FB6DE6C00F924C4 /* NotificationNameTests */,
				D41F8A051FB6DE6C00F924C4 /* Products */,
			);
			sourceTree = "<group>";
		};
		D41F8A051FB6DE6C00F924C4 /* Products */ = {
			isa = PBXGroup;
			children = (
				D41F8A041FB6DE6C00F924C4 /* NotificationName.app */,
				D41F8A181FB6DE6C00F924C4 /* NotificationNameTests.xctest */,
			);
			name = Products;
			sourceTree = "<group>";
		};
		D41F8A061FB6DE6C00F924C4 /* NotificationName */ = {
			isa = PBXGroup;
			children = (
				D41F8A071FB6DE6C00F924C4 /* AppDelegate.swift */,
				D41F8A091FB6DE6C00F924C4 /* ViewController.swift */,
				D41F8A0B1FB6DE6C00F924C4 /* Main.storyboard */,
				D41F8A0E1FB6DE6C00F924C4 /* Assets.xcassets */,
				D41F8A101FB6DE6C00F924C4 /* LaunchScreen.storyboard */,
				D41F8A131FB6DE6C00F924C4 /* Info.plist */,
			);
			path = NotificationName;
			sourceTree = "<group>";
		};
		D41F8A1B1FB6DE6C00F924C4 /* NotificationNameTests */ = {
			isa = PBXGroup;
			children = (
				D41F8A1C1FB6DE6C00F924C4 /* NotificationNameTests.swift */,
				D41F8A1E1FB6DE6C00F924C4 /* Info.plist */,
			);
			path = NotificationNameTests;
			sourceTree = "<group>";
		};
/* End PBXGroup section */

/* Begin PBXNativeTarget section */
		D41F8A031FB6DE6C00F924C4 /* NotificationName */ = {
			isa = PBXNativeTarget;
			buildConfigurationList = D41F8A211FB6DE6C00F924C4 /* Build configuration list for PBXNativeTarget "NotificationName" */;
			buildPhases = (
				D41F8A001FB6DE6C00F924C4 /* Sources */,
				D41F8A011FB6DE6C00F924C4 /* Frameworks */,
				D41F8A021FB6DE6C00F924C4 /* Resources */,
			);
			buildRules = (
			);
			dependencies = (
			);
			name = NotificationName;
			productName = NotificationName;
			productReference = D41F8A041FB6DE6C00F924C4 /* NotificationName.app */;
			productType = "com.apple.product-type.application";
		};
		D41F8A171FB6DE6C00F924C4 /* NotificationNameTests */ = {
			isa = PBXNativeTarget;
			buildConfigurationList = D41F8A241FB6DE6C00F924C4 /* Build configuration list for PBXNativeTarget "NotificationNameTests" */;
			buildPhases = (
				D41F8A141FB6DE6C00F924C4 /* Sources */,
				D41F8A151FB6DE6C00F924C4 /* Frameworks */,
				D41F8A161FB6DE6C00F924C4 /* Resources */,
			);
			buildRules = (
			);
			dependencies = (
				D41F8A1A1FB6DE6C00F924C4 /* PBXTargetDependency */,
			);
			name = NotificationNameTests;
			productName = NotificationNameTests;
			productReference = D41F8A181FB6DE6C00F924C4 /* NotificationNameTests.xctest */;
			productType = "com.apple.product-type.bundle.unit-test";
		};
/* End PBXNativeTarget section */

/* Begin PBXProject section */
		D41F89FC1FB6DE6C00F924C4 /* Project object */ = {
			isa = PBXProject;
			attributes = {
				LastSwiftUpdateCheck = 0910;
				LastUpgradeCheck = 0910;
				ORGANIZATIONNAME = "eric yu";
				TargetAttributes = {
					D41F8A031FB6DE6C00F924C4 = {
						CreatedOnToolsVersion = 9.1;
						ProvisioningStyle = Automatic;
					};
					D41F8A171FB6DE6C00F924C4 = {
						CreatedOnToolsVersion = 9.1;
						ProvisioningStyle = Automatic;
						TestTargetID = D41F8A031FB6DE6C00F924C4;
					};
				};
			};
			buildConfigurationList = D41F89FF1FB6DE6C00F924C4 /* Build configuration list for PBXProject "NotificationName" */;
			compatibilityVersion = "Xcode 8.0";
			developmentRegion = en;
			hasScannedForEncodings = 0;
			knownRegions = (
				en,
				Base,
			);
			mainGroup = D41F89FB1FB6DE6C00F924C4;
			productRefGroup = D41F8A051FB6DE6C00F924C4 /* Products */;
			projectDirPath = "";
			projectRoot = "";
			targets = (
				D41F8A031FB6DE6C00F924C4 /* NotificationName */,
				D41F8A171FB6DE6C00F924C4 /* NotificationNameTests */,
			);
		};
/* End PBXProject section */

/* Begin PBXResourcesBuildPhase section */
		D41F8A021FB6DE6C00F924C4 /* Resources */ = {
			isa = PBXResourcesBuildPhase;
			buildActionMask = 2147483647;
			files = (
				D41F8A121FB6DE6C00F924C4 /* LaunchScreen.storyboard in Resources */,
				D41F8A0F1FB6DE6C00F924C4 /* Assets.xcassets in Resources */,
				D41F8A0D1FB6DE6C00F924C4 /* Main.storyboard in Resources */,
			);
			runOnlyForDeploymentPostprocessing = 0;
		};
		D41F8A161FB6DE6C00F924C4 /* Resources */ = {
			isa = PBXResourcesBuildPhase;
			buildActionMask = 2147483647;
			files = (
			);
			runOnlyForDeploymentPostprocessing = 0;
		};
/* End PBXResourcesBuildPhase section */

/* Begin PBXSourcesBuildPhase section */
		D41F8A001FB6DE6C00F924C4 /* Sources */ = {
			isa = PBXSourcesBuildPhase;
			buildActionMask = 2147483647;
			files = (
				D41F8A0A1FB6DE6C00F924C4 /* ViewController.swift in Sources */,
				D41F8A081FB6DE6C00F924C4 /* AppDelegate.swift in Sources */,
			);
			runOnlyForDeploymentPostprocessing = 0;
		};
		D41F8A141FB6DE6C00F924C4 /* Sources */ = {
			isa = PBXSourcesBuildPhase;
			buildActionMask = 2147483647;
			files = (
				D41F8A1D1FB6DE6C00F924C4 /* NotificationNameTests.swift in Sources */,
			);
			runOnlyForDeploymentPostprocessing = 0;
		};
/* End PBXSourcesBuildPhase section */

/* Begin PBXTargetDependency section */
		D41F8A1A1FB6DE6C00F924C4 /* PBXTargetDependency */ = {
			isa = PBXTargetDependency;
			target = D41F8A031FB6DE6C00F924C4 /* NotificationName */;
			targetProxy = D41F8A191FB6DE6C00F924C4 /* PBXContainerItemProxy */;
		};
/* End PBXTargetDependency section */

/* Begin PBXVariantGroup section */
		D41F8A0B1FB6DE6C00F924C4 /* Main.storyboard */ = {
			isa = PBXVariantGroup;
			children = (
				D41F8A0C1FB6DE6C00F924C4 /* Base */,
			);
			name = Main.storyboard;
			sourceTree = "<group>";
		};
		D41F8A101FB6DE6C00F924C4 /* LaunchScreen.storyboard */ = {
			isa = PBXVariantGroup;
			children = (
				D41F8A111FB6DE6C00F924C4 /* Base */,
			);
			name = LaunchScreen.storyboard;
			sourceTree = "<group>";
		};
/* End PBXVariantGroup section */

/* Begin XCBuildConfiguration section */
		D41F8A1F1FB6DE6C00F924C4 /* Debug */ = {
			isa = XCBuildConfiguration;
			buildSettings = {
				ALWAYS_SEARCH_USER_PATHS = NO;
				CLANG_ANALYZER_NONNULL = YES;
				CLANG_ANALYZER_NUMBER_OBJECT_CONVERSION = YES_AGGRESSIVE;
				CLANG_CXX_LANGUAGE_STANDARD = "gnu++14";
				CLANG_CXX_LIBRARY = "libc++";
				CLANG_ENABLE_MODULES = YES;
				CLANG_ENABLE_OBJC_ARC = YES;
				CLANG_WARN_BLOCK_CAPTURE_AUTORELEASING = YES;
				CLANG_WARN_BOOL_CONVERSION = YES;
				CLANG_WARN_COMMA = YES;
				CLANG_WARN_CONSTANT_CONVERSION = YES;
				CLANG_WARN_DIRECT_OBJC_ISA_USAGE = YES_ERROR;
				CLANG_WARN_DOCUMENTATION_COMMENTS = YES;
				CLANG_WARN_EMPTY_BODY = YES;
				CLANG_WARN_ENUM_CONVERSION = YES;
				CLANG_WARN_INFINITE_RECURSION = YES;
				CLANG_WARN_INT_CONVERSION = YES;
				CLANG_WARN_NON_LITERAL_NULL_CONVERSION = YES;
				CLANG_WARN_OBJC_LITERAL_CONVERSION = YES;
				CLANG_WARN_OBJC_ROOT_CLASS = YES_ERROR;
				CLANG_WARN_RANGE_LOOP_ANALYSIS = YES;
				CLANG_WARN_STRICT_PROTOTYPES = YES;
				CLANG_WARN_SUSPICIOUS_MOVE = YES;
				CLANG_WARN_UNGUARDED_AVAILABILITY = YES_AGGRESSIVE;
				CLANG_WARN_UNREACHABLE_CODE = YES;
				CLANG_WARN__DUPLICATE_METHOD_MATCH = YES;
				CODE_SIGN_IDENTITY = "iPhone Developer";
				COPY_PHASE_STRIP = NO;
				DEBUG_INFORMATION_FORMAT = dwarf;
				ENABLE_STRICT_OBJC_MSGSEND = YES;
				ENABLE_TESTABILITY = YES;
				GCC_C_LANGUAGE_STANDARD = gnu11;
				GCC_DYNAMIC_NO_PIC = NO;
				GCC_NO_COMMON_BLOCKS = YES;
				GCC_OPTIMIZATION_LEVEL = 0;
				GCC_PREPROCESSOR_DEFINITIONS = (
					"DEBUG=1",
					"$(inherited)",
				);
				GCC_WARN_64_TO_32_BIT_CONVERSION = YES;
				GCC_WARN_ABOUT_RETURN_TYPE = YES_ERROR;
				GCC_WARN_UNDECLARED_SELECTOR = YES;
				GCC_WARN_UNINITIALIZED_AUTOS = YES_AGGRESSIVE;
				GCC_WARN_UNUSED_FUNCTION = YES;
				GCC_WARN_UNUSED_VARIABLE = YES;
				IPHONEOS_DEPLOYMENT_TARGET = 11.1;
				MTL_ENABLE_DEBUG_INFO = YES;
				ONLY_ACTIVE_ARCH = YES;
				SDKROOT = iphoneos;
				SWIFT_ACTIVE_COMPILATION_CONDITIONS = DEBUG;
				SWIFT_OPTIMIZATION_LEVEL = "-Onone";
			};
			name = Debug;
		};
		D41F8A201FB6DE6C00F924C4 /* Release */ = {
			isa = XCBuildConfiguration;
			buildSettings = {
				ALWAYS_SEARCH_USER_PATHS = NO;
				CLANG_ANALYZER_NONNULL = YES;
				CLANG_ANALYZER_NUMBER_OBJECT_CONVERSION = YES_AGGRESSIVE;
				CLANG_CXX_LANGUAGE_STANDARD = "gnu++14";
				CLANG_CXX_LIBRARY = "libc++";
				CLANG_ENABLE_MODULES = YES;
				CLANG_ENABLE_OBJC_ARC = YES;
				CLANG_WARN_BLOCK_CAPTURE_AUTORELEASING = YES;
				CLANG_WARN_BOOL_CONVERSION = YES;
				CLANG_WARN_COMMA = YES;
				CLANG_WARN_CONSTANT_CONVERSION = YES;
				CLANG_WARN_DIRECT_OBJC_ISA_USAGE = YES_ERROR;
				CLANG_WARN_DOCUMENTATION_COMMENTS = YES;
				CLANG_WARN_EMPTY_BODY = YES;
				CLANG_WARN_ENUM_CONVERSION = YES;
				CLANG_WARN_INFINITE_RECURSION = YES;
				CLANG_WARN_INT_CONVERSION = YES;
				CLANG_WARN_NON_LITERAL_NULL_CONVERSION = YES;
				CLANG_WARN_OBJC_LITERAL_CONVERSION = YES;
				CLANG_WARN_OBJC_ROOT_CLASS = YES_ERROR;
				CLANG_WARN_RANGE_LOOP_ANALYSIS = YES;
				CLANG_WARN_STRICT_PROTOTYPES = YES;
				CLANG_WARN_SUSPICIOUS_MOVE = YES;
				CLANG_WARN_UNGUARDED_AVAILABILITY = YES_AGGRESSIVE;
				CLANG_WARN_UNREACHABLE_CODE = YES;
				CLANG_WARN__DUPLICATE_METHOD_MATCH = YES;
				CODE_SIGN_IDENTITY = "iPhone Developer";
				COPY_PHASE_STRIP = NO;
				DEBUG_INFORMATION_FORMAT = "dwarf-with-dsym";
				ENABLE_NS_ASSERTIONS = NO;
				ENABLE_STRICT_OBJC_MSGSEND = YES;
				GCC_C_LANGUAGE_STANDARD = gnu11;
				GCC_NO_COMMON_BLOCKS = YES;
				GCC_WARN_64_TO_32_BIT_CONVERSION = YES;
				GCC_WARN_ABOUT_RETURN_TYPE = YES_ERROR;
				GCC_WARN_UNDECLARED_SELECTOR = YES;
				GCC_WARN_UNINITIALIZED_AUTOS = YES_AGGRESSIVE;
				GCC_WARN_UNUSED_FUNCTION = YES;
				GCC_WARN_UNUSED_VARIABLE = YES;
				IPHONEOS_DEPLOYMENT_TARGET = 11.1;
				MTL_ENABLE_DEBUG_INFO = NO;
				SDKROOT = iphoneos;
				SWIFT_OPTIMIZATION_LEVEL = "-Owholemodule";
				VALIDATE_PRODUCT = YES;
			};
			name = Release;
		};
		D41F8A221FB6DE6C00F924C4 /* Debug */ = {
			isa = XCBuildConfiguration;
			buildSettings = {
				ASSETCATALOG_COMPILER_APPICON_NAME = AppIcon;
				CODE_SIGN_STYLE = Automatic;
				DEVELOPMENT_TEAM = XFDXLZRBS4;
				INFOPLIST_FILE = NotificationName/Info.plist;
				LD_RUNPATH_SEARCH_PATHS = "$(inherited) @executable_path/Frameworks";
				PRODUCT_BUNDLE_IDENTIFIER = com.ericyu423.NotificationName;
				PRODUCT_NAME = "$(TARGET_NAME)";
				SWIFT_VERSION = 4.0;
				TARGETED_DEVICE_FAMILY = "1,2";
			};
			name = Debug;
		};
		D41F8A231FB6DE6C00F924C4 /* Release */ = {
			isa = XCBuildConfiguration;
			buildSettings = {
				ASSETCATALOG_COMPILER_APPICON_NAME = AppIcon;
				CODE_SIGN_STYLE = Automatic;
				DEVELOPMENT_TEAM = XFDXLZRBS4;
				INFOPLIST_FILE = NotificationName/Info.plist;
				LD_RUNPATH_SEARCH_PATHS = "$(inherited) @executable_path/Frameworks";
				PRODUCT_BUNDLE_IDENTIFIER = com.ericyu423.NotificationName;
				PRODUCT_NAME = "$(TARGET_NAME)";
				SWIFT_VERSION = 4.0;
				TARGETED_DEVICE_FAMILY = "1,2";
			};
			name = Release;
		};
		D41F8A251FB6DE6C00F924C4 /* Debug */ = {
			isa = XCBuildConfiguration;
			buildSettings = {
				ALWAYS_EMBED_SWIFT_STANDARD_LIBRARIES = YES;
				BUNDLE_LOADER = "$(TEST_HOST)";
				CODE_SIGN_STYLE = Automatic;
				DEVELOPMENT_TEAM = XFDXLZRBS4;
				INFOPLIST_FILE = NotificationNameTests/Info.plist;
				LD_RUNPATH_SEARCH_PATHS = "$(inherited) @executable_path/Frameworks @loader_path/Frameworks";
				PRODUCT_BUNDLE_IDENTIFIER = com.ericyu423.NotificationNameTests;
				PRODUCT_NAME = "$(TARGET_NAME)";
				SWIFT_VERSION = 4.0;
				TARGETED_DEVICE_FAMILY = "1,2";
				TEST_HOST = "$(BUILT_PRODUCTS_DIR)/NotificationName.app/NotificationName";
			};
			name = Debug;
		};
		D41F8A261FB6DE6C00F924C4 /* Release */ = {
			isa = XCBuildConfiguration;
			buildSettings = {
				ALWAYS_EMBED_SWIFT_STANDARD_LIBRARIES = YES;
				BUNDLE_LOADER = "$(TEST_HOST)";
				CODE_SIGN_STYLE = Automatic;
				DEVELOPMENT_TEAM = XFDXLZRBS4;
				INFOPLIST_FILE = NotificationNameTests/Info.plist;
				LD_RUNPATH_SEARCH_PATHS = "$(inherited) @executable_path/Frameworks @loader_path/Frameworks";
				PRODUCT_BUNDLE_IDENTIFIER = com.ericyu423.NotificationNameTests;
				PRODUCT_NAME = "$(TARGET_NAME)";
				SWIFT_VERSION = 4.0;
				TARGETED_DEVICE_FAMILY = "1,2";
				TEST_HOST = "$(BUILT_PRODUCTS_DIR)/NotificationName.app/NotificationName";
			};
			name = Release;
		};
/* End XCBuildConfiguration section */

/* Begin XCConfigurationList section */
		D41F89FF1FB6DE6C00F924C4 /* Build configuration list for PBXProject "NotificationName" */ = {
			isa = XCConfigurationList;
			buildConfigurations = (
				D41F8A1F1FB6DE6C00F924C4 /* Debug */,
				D41F8A201FB6DE6C00F924C4 /* Release */,
			);
			defaultConfigurationIsVisible = 0;
			defaultConfigurationName = Release;
		};
		D41F8A211FB6DE6C00F924C4 /* Build configuration list for PBXNativeTarget "NotificationName" */ = {
			isa = XCConfigurationList;
			buildConfigurations = (
				D41F8A221FB6DE6C00F924C4 /* Debug */,
				D41F8A231FB6DE6C00F924C4 /* Release */,
			);
			defaultConfigurationIsVisible = 0;
			defaultConfigurationName = Release;
		};
		D41F8A241FB6DE6C00F924C4 /* Build configuration list for PBXNativeTarget "NotificationNameTests" */ = {
			isa = XCConfigurationList;
			buildConfigurations = (
				D41F8A251FB6DE6C00F924C4 /* Debug */,
				D41F8A261FB6DE6C00F924C4 /* Release */,
			);
			defaultConfigurationIsVisible = 0;
			defaultConfigurationName = Release;
		};
/* End XCConfigurationList section */
	};
	rootObject = D41F89FC1FB6DE6C00F924C4 /* Project object */;
}
